{
  "name": "masterplitkavl.ru",
  "lockfileVersion": 3,
  "requires": true,
  "packages": {
    "": {
      "optionalDependencies": {
        "@rollup/rollup-linux-x64-gnu": "^4.24.0"
      }
    },
    "node_modules/@rollup/rollup-linux-x64-gnu": {
      "version": "4.52.5",
      "resolved": "https://registry.npmmirror.com/@rollup/rollup-linux-x64-gnu/-/rollup-linux-x64-gnu-4.52.5.tgz",
      "integrity": "sha512-hXGLYpdhiNElzN770+H2nlx+jRog8TyynpTVzdlc6bndktjKWyZyiCsuDAlpd+j+W+WNqfcyAWz9HxxIGfZm1Q==",
      "cpu": [
        "x64"
      ],
      "optional": true,
      "os": [
        "linux"
      ]
    }
  }
}
